
Microsoft Visual Studio Solution File, Format Version 12.00
# Visual Studio Version 17
VisualStudioVersion = 17.3.32825.248
MinimumVisualStudioVersion = 10.0.40219.1
Project("{9A19103F-16F7-4668-BE54-9A1E7A4F7556}") = "DependencyInjection", "DependencyInjection\DependencyInjection.csproj", "{6C460206-330B-4507-A6F0-74F768A28A54}"
EndProject
Project("{9A19103F-16F7-4668-BE54-9A1E7A4F7556}") = "AsyncAwait", "AsyncAwait\AsyncAwait.csproj", "{5DB1B11A-74DC-4196-BAF8-6E89532241FE}"
EndProject
Global
	GlobalSection(SolutionConfigurationPlatforms) = preSolution
		Debug|Any CPU = Debug|Any CPU
		Release|Any CPU = Release|Any CPU
	EndGlobalSection
	GlobalSection(ProjectConfigurationPlatforms) = postSolution
		{6C460206-330B-4507-A6F0-74F768A28A54}.Debug|Any CPU.ActiveCfg = Debug|Any CPU
		{6C460206-330B-4507-A6F0-74F768A28A54}.Debug|Any CPU.Build.0 = Debug|Any CPU
		{6C460206-330B-4507-A6F0-74F768A28A54}.Release|Any CPU.ActiveCfg = Release|Any CPU
		{6C460206-330B-4507-A6F0-74F768A28A54}.Release|Any CPU.Build.0 = Release|Any CPU
		{5DB1B11A-74DC-4196-BAF8-6E89532241FE}.Debug|Any CPU.ActiveCfg = Debug|Any CPU
		{5DB1B11A-74DC-4196-BAF8-6E89532241FE}.Debug|Any CPU.Build.0 = Debug|Any CPU
		{5DB1B11A-74DC-4196-BAF8-6E89532241FE}.Release|Any CPU.ActiveCfg = Release|Any CPU
		{5DB1B11A-74DC-4196-BAF8-6E89532241FE}.Release|Any CPU.Build.0 = Release|Any CPU
	EndGlobalSection
	GlobalSection(SolutionProperties) = preSolution
		HideSolutionNode = FALSE
	EndGlobalSection
	GlobalSection(ExtensibilityGlobals) = postSolution
		SolutionGuid = {A367A3E3-1A76-4ECD-9B84-072770D088CF}
	EndGlobalSection
EndGlobal
